// !$*UTF8*$!
{
	archiveVersion = 1;
	classes = {
	};
	objectVersion = 50;
	objects = {

/* Begin PBXBuildFile section */
		5321AAF4252231F8001D8197 /* ToDoItem.swift in Sources */ = {isa = PBXBuildFile; fileRef = 5321AAF3252231F8001D8197 /* ToDoItem.swift */; };
		5321AB6E252B730D001D8197 /* ListTableViewCell.swift in Sources */ = {isa = PBXBuildFile; fileRef = 5321AB6D252B730D001D8197 /* ListTableViewCell.swift */; };
		5321AB70252B9836001D8197 /* ToDoItems.swift in Sources */ = {isa = PBXBuildFile; fileRef = 5321AB6F252B9836001D8197 /* ToDoItems.swift */; };
		53E0A988252149F700518F33 /* AppDelegate.swift in Sources */ = {isa = PBXBuildFile; fileRef = 53E0A987252149F700518F33 /* AppDelegate.swift */; };
		53E0A98A252149F700518F33 /* SceneDelegate.swift in Sources */ = {isa = PBXBuildFile; fileRef = 53E0A989252149F700518F33 /* SceneDelegate.swift */; };
		53E0A98C252149F700518F33 /* ToDoListViewController.swift in Sources */ = {isa = PBXBuildFile; fileRef = 53E0A98B252149F700518F33 /* ToDoListViewController.swift */; };
		53E0A98F252149F700518F33 /* Main.storyboard in Resources */ = {isa = PBXBuildFile; fileRef = 53E0A98D252149F700518F33 /* Main.storyboard */; };
		53E0A991252149FF00518F33 /* Assets.xcassets in Resources */ = {isa = PBXBuildFile; fileRef = 53E0A990252149FF00518F33 /* Assets.xcassets */; };
		53E0A994252149FF00518F33 /* LaunchScreen.storyboard in Resources */ = {isa = PBXBuildFile; fileRef = 53E0A992252149FF00518F33 /* LaunchScreen.storyboard */; };
		53E0A99F252149FF00518F33 /* To_Do_ListTests.swift in Sources */ = {isa = PBXBuildFile; fileRef = 53E0A99E252149FF00518F33 /* To_Do_ListTests.swift */; };
		53E0A9AA252149FF00518F33 /* To_Do_ListUITests.swift in Sources */ = {isa = PBXBuildFile; fileRef = 53E0A9A9252149FF00518F33 /* To_Do_ListUITests.swift */; };
		53E0A9B82522211800518F33 /* ToDoDetailTableViewController.swift in Sources */ = {isa = PBXBuildFile; fileRef = 53E0A9B72522211700518F33 /* ToDoDetailTableViewController.swift */; };
/* End PBXBuildFile section */

/* Begin PBXContainerItemProxy section */
		53E0A99B252149FF00518F33 /* PBXContainerItemProxy */ = {
			isa = PBXContainerItemProxy;
			containerPortal = 53E0A97C252149F700518F33 /* Project object */;
			proxyType = 1;
			remoteGlobalIDString = 53E0A983252149F700518F33;
			remoteInfo = "To Do List";
		};
		53E0A9A6252149FF00518F33 /* PBXContainerItemProxy */ = {
			isa = PBXContainerItemProxy;
			containerPortal = 53E0A97C252149F700518F33 /* Project object */;
			proxyType = 1;
			remoteGlobalIDString = 53E0A983252149F700518F33;
			remoteInfo = "To Do List";
		};
/* End PBXContainerItemProxy section */

/* Begin PBXFileReference section */
		5321AAF3252231F8001D8197 /* ToDoItem.swift */ = {isa = PBXFileReference; lastKnownFileType = sourcecode.swift; path = ToDoItem.swift; sourceTree = "<group>"; };
		5321AB6D252B730D001D8197 /* ListTableViewCell.swift */ = {isa = PBXFileReference; lastKnownFileType = sourcecode.swift; path = ListTableViewCell.swift; sourceTree = "<group>"; };
		5321AB6F252B9836001D8197 /* ToDoItems.swift */ = {isa = PBXFileReference; lastKnownFileType = sourcecode.swift; path = ToDoItems.swift; sourceTree = "<group>"; };
		53E0A984252149F700518F33 /* To Do List.app */ = {isa = PBXFileReference; explicitFileType = wrapper.application; includeInIndex = 0; path = "To Do List.app"; sourceTree = BUILT_PRODUCTS_DIR; };
		53E0A987252149F700518F33 /* AppDelegate.swift */ = {isa = PBXFileReference; lastKnownFileType = sourcecode.swift; path = AppDelegate.swift; sourceTree = "<group>"; };
		53E0A989252149F700518F33 /* SceneDelegate.swift */ = {isa = PBXFileReference; lastKnownFileType = sourcecode.swift; path = SceneDelegate.swift; sourceTree = "<group>"; };
		53E0A98B252149F700518F33 /* ToDoListViewController.swift */ = {isa = PBXFileReference; lastKnownFileType = sourcecode.swift; path = ToDoListViewController.swift; sourceTree = "<group>"; };
		53E0A98E252149F700518F33 /* Base */ = {isa = PBXFileReference; lastKnownFileType = file.storyboard; name = Base; path = Base.lproj/Main.storyboard; sourceTree = "<group>"; };
		53E0A990252149FF00518F33 /* Assets.xcassets */ = {isa = PBXFileReference; lastKnownFileType = folder.assetcatalog; path = Assets.xcassets; sourceTree = "<group>"; };
		53E0A993252149FF00518F33 /* Base */ = {isa = PBXFileReference; lastKnownFileType = file.storyboard; name = Base; path = Base.lproj/LaunchScreen.storyboard; sourceTree = "<group>"; };
		53E0A995252149FF00518F33 /* Info.plist */ = {isa = PBXFileReference; lastKnownFileType = text.plist.xml; path = Info.plist; sourceTree = "<group>"; };
		53E0A99A252149FF00518F33 /* To Do ListTests.xctest */ = {isa = PBXFileReference; explicitFileType = wrapper.cfbundle; includeInIndex = 0; path = "To Do ListTests.xctest"; sourceTree = BUILT_PRODUCTS_DIR; };
		53E0A99E252149FF00518F33 /* To_Do_ListTests.swift */ = {isa = PBXFileReference; lastKnownFileType = sourcecode.swift; path = To_Do_ListTests.swift; sourceTree = "<group>"; };
		53E0A9A0252149FF00518F33 /* Info.plist */ = {isa = PBXFileReference; lastKnownFileType = text.plist.xml; path = Info.plist; sourceTree = "<group>"; };
		53E0A9A5252149FF00518F33 /* To Do ListUITests.xctest */ = {isa = PBXFileReference; explicitFileType = wrapper.cfbundle; includeInIndex = 0; path = "To Do ListUITests.xctest"; sourceTree = BUILT_PRODUCTS_DIR; };
		53E0A9A9252149FF00518F33 /* To_Do_ListUITests.swift */ = {isa = PBXFileReference; lastKnownFileType = sourcecode.swift; path = To_Do_ListUITests.swift; sourceTree = "<group>"; };
		53E0A9AB25214A0000518F33 /* Info.plist */ = {isa = PBXFileReference; lastKnownFileType = text.plist.xml; path = Info.plist; sourceTree = "<group>"; };
		53E0A9B72522211700518F33 /* ToDoDetailTableViewController.swift */ = {isa = PBXFileReference; lastKnownFileType = sourcecode.swift; path = ToDoDetailTableViewController.swift; sourceTree = "<group>"; };
/* End PBXFileReference section */

/* Begin PBXFrameworksBuildPhase section */
		53E0A981252149F700518F33 /* Frameworks */ = {
			isa = PBXFrameworksBuildPhase;
			buildActionMask = 2147483647;
			files = (
			);
			runOnlyForDeploymentPostprocessing = 0;
		};
		53E0A997252149FF00518F33 /* Frameworks */ = {
			isa = PBXFrameworksBuildPhase;
			buildActionMask = 2147483647;
			files = (
			);
			runOnlyForDeploymentPostprocessing = 0;
		};
		53E0A9A2252149FF00518F33 /* Frameworks */ = {
			isa = PBXFrameworksBuildPhase;
			buildActionMask = 2147483647;
			files = (
			);
			runOnlyForDeploymentPostprocessing = 0;
		};
/* End PBXFrameworksBuildPhase section */

/* Begin PBXGroup section */
		53E0A97B252149F700518F33 = {
			isa = PBXGroup;
			children = (
				53E0A986252149F700518F33 /* To Do List */,
				53E0A99D252149FF00518F33 /* To Do ListTests */,
				53E0A9A8252149FF00518F33 /* To Do ListUITests */,
				53E0A985252149F700518F33 /* Products */,
			);
			sourceTree = "<group>";
		};
		53E0A985252149F700518F33 /* Products */ = {
			isa = PBXGroup;
			children = (
				53E0A984252149F700518F33 /* To Do List.app */,
				53E0A99A252149FF00518F33 /* To Do ListTests.xctest */,
				53E0A9A5252149FF00518F33 /* To Do ListUITests.xctest */,
			);
			name = Products;
			sourceTree = "<group>";
		};
		53E0A986252149F700518F33 /* To Do List */ = {
			isa = PBXGroup;
			children = (
				53E0A987252149F700518F33 /* AppDelegate.swift */,
				53E0A989252149F700518F33 /* SceneDelegate.swift */,
				5321AAF3252231F8001D8197 /* ToDoItem.swift */,
				5321AB6F252B9836001D8197 /* ToDoItems.swift */,
				53E0A98B252149F700518F33 /* ToDoListViewController.swift */,
				53E0A9B72522211700518F33 /* ToDoDetailTableViewController.swift */,
				5321AB6D252B730D001D8197 /* ListTableViewCell.swift */,
				53E0A98D252149F700518F33 /* Main.storyboard */,
				53E0A990252149FF00518F33 /* Assets.xcassets */,
				53E0A992252149FF00518F33 /* LaunchScreen.storyboard */,
				53E0A995252149FF00518F33 /* Info.plist */,
			);
			path = "To Do List";
			sourceTree = "<group>";
		};
		53E0A99D252149FF00518F33 /* To Do ListTests */ = {
			isa = PBXGroup;
			children = (
				53E0A99E252149FF00518F33 /* To_Do_ListTests.swift */,
				53E0A9A0252149FF00518F33 /* Info.plist */,
			);
			path = "To Do ListTests";
			sourceTree = "<group>";
		};
		53E0A9A8252149FF00518F33 /* To Do ListUITests */ = {
			isa = PBXGroup;
			children = (
				53E0A9A9252149FF00518F33 /* To_Do_ListUITests.swift */,
				53E0A9AB25214A0000518F33 /* Info.plist */,
			);
			path = "To Do ListUITests";
			sourceTree = "<group>";
		};
/* End PBXGroup section */

/* Begin PBXNativeTarget section */
		53E0A983252149F700518F33 /* To Do List */ = {
			isa = PBXNativeTarget;
			buildConfigurationList = 53E0A9AE25214A0000518F33 /* Build configuration list for PBXNativeTarget "To Do List" */;
			buildPhases = (
				53E0A980252149F700518F33 /* Sources */,
				53E0A981252149F700518F33 /* Frameworks */,
				53E0A982252149F700518F33 /* Resources */,
			);
			buildRules = (
			);
			dependencies = (
			);
			name = "To Do List";
			productName = "To Do List";
			productReference = 53E0A984252149F700518F33 /* To Do List.app */;
			productType = "com.apple.product-type.application";
		};
		53E0A999252149FF00518F33 /* To Do ListTests */ = {
			isa = PBXNativeTarget;
			buildConfigurationList = 53E0A9B125214A0000518F33 /* Build configuration list for PBXNativeTarget "To Do ListTests" */;
			buildPhases = (
				53E0A996252149FF00518F33 /* Sources */,
				53E0A997252149FF00518F33 /* Frameworks */,
				53E0A998252149FF00518F33 /* Resources */,
			);
			buildRules = (
			);
			dependencies = (
				53E0A99C252149FF00518F33 /* PBXTargetDependency */,
			);
			name = "To Do ListTests";
			productName = "To Do ListTests";
			productReference = 53E0A99A252149FF00518F33 /* To Do ListTests.xctest */;
			productType = "com.apple.product-type.bundle.unit-test";
		};
		53E0A9A4252149FF00518F33 /* To Do ListUITests */ = {
			isa = PBXNativeTarget;
			buildConfigurationList = 53E0A9B425214A0000518F33 /* Build configuration list for PBXNativeTarget "To Do ListUITests" */;
			buildPhases = (
				53E0A9A1252149FF00518F33 /* Sources */,
				53E0A9A2252149FF00518F33 /* Frameworks */,
				53E0A9A3252149FF00518F33 /* Resources */,
			);
			buildRules = (
			);
			dependencies = (
				53E0A9A7252149FF00518F33 /* PBXTargetDependency */,
			);
			name = "To Do ListUITests";
			productName = "To Do ListUITests";
			productReference = 53E0A9A5252149FF00518F33 /* To Do ListUITests.xctest */;
			productType = "com.apple.product-type.bundle.ui-testing";
		};
/* End PBXNativeTarget section */

/* Begin PBXProject section */
		53E0A97C252149F700518F33 /* Project object */ = {
			isa = PBXProject;
			attributes = {
				LastSwiftUpdateCheck = 1170;
				LastUpgradeCheck = 1170;
				ORGANIZATIONNAME = "Morgan Prime";
				TargetAttributes = {
					53E0A983252149F700518F33 = {
						CreatedOnToolsVersion = 11.7;
					};
					53E0A999252149FF00518F33 = {
						CreatedOnToolsVersion = 11.7;
						TestTargetID = 53E0A983252149F700518F33;
					};
					53E0A9A4252149FF00518F33 = {
						CreatedOnToolsVersion = 11.7;
						TestTargetID = 53E0A983252149F700518F33;
					};
				};
			};
			buildConfigurationList = 53E0A97F252149F700518F33 /* Build configuration list for PBXProject "To Do List" */;
			compatibilityVersion = "Xcode 9.3";
			developmentRegion = en;
			hasScannedForEncodings = 0;
			knownRegions = (
				en,
				Base,
			);
			mainGroup = 53E0A97B252149F700518F33;
			productRefGroup = 53E0A985252149F700518F33 /* Products */;
			projectDirPath = "";
			projectRoot = "";
			targets = (
				53E0A983252149F700518F33 /* To Do List */,
				53E0A999252149FF00518F33 /* To Do ListTests */,
				53E0A9A4252149FF00518F33 /* To Do ListUITests */,
			);
		};
/* End PBXProject section */

/* Begin PBXResourcesBuildPhase section */
		53E0A982252149F700518F33 /* Resources */ = {
			isa = PBXResourcesBuildPhase;
			buildActionMask = 2147483647;
			files = (
				53E0A994252149FF00518F33 /* LaunchScreen.storyboard in Resources */,
				53E0A991252149FF00518F33 /* Assets.xcassets in Resources */,
				53E0A98F252149F700518F33 /* Main.storyboard in Resources */,
			);
			runOnlyForDeploymentPostprocessing = 0;
		};
		53E0A998252149FF00518F33 /* Resources */ = {
			isa = PBXResourcesBuildPhase;
			buildActionMask = 2147483647;
			files = (
			);
			runOnlyForDeploymentPostprocessing = 0;
		};
		53E0A9A3252149FF00518F33 /* Resources */ = {
			isa = PBXResourcesBuildPhase;
			buildActionMask = 2147483647;
			files = (
			);
			runOnlyForDeploymentPostprocessing = 0;
		};
/* End PBXResourcesBuildPhase section */

/* Begin PBXSourcesBuildPhase section */
		53E0A980252149F700518F33 /* Sources */ = {
			isa = PBXSourcesBuildPhase;
			buildActionMask = 2147483647;
			files = (
				53E0A98C252149F700518F33 /* ToDoListViewController.swift in Sources */,
				5321AB70252B9836001D8197 /* ToDoItems.swift in Sources */,
				53E0A988252149F700518F33 /* AppDelegate.swift in Sources */,
				5321AAF4252231F8001D8197 /* ToDoItem.swift in Sources */,
				53E0A9B82522211800518F33 /* ToDoDetailTableViewController.swift in Sources */,
				53E0A98A252149F700518F33 /* SceneDelegate.swift in Sources */,
				5321AB6E252B730D001D8197 /* ListTableViewCell.swift in Sources */,
			);
			runOnlyForDeploymentPostprocessing = 0;
		};
		53E0A996252149FF00518F33 /* Sources */ = {
			isa = PBXSourcesBuildPhase;
			buildActionMask = 2147483647;
			files = (
				53E0A99F252149FF00518F33 /* To_Do_ListTests.swift in Sources */,
			);
			runOnlyForDeploymentPostprocessing = 0;
		};
		53E0A9A1252149FF00518F33 /* Sources */ = {
			isa = PBXSourcesBuildPhase;
			buildActionMask = 2147483647;
			files = (
				53E0A9AA252149FF00518F33 /* To_Do_ListUITests.swift in Sources */,
			);
			runOnlyForDeploymentPostprocessing = 0;
		};
/* End PBXSourcesBuildPhase section */

/* Begin PBXTargetDependency section */
		53E0A99C252149FF00518F33 /* PBXTargetDependency */ = {
			isa = PBXTargetDependency;
			target = 53E0A983252149F700518F33 /* To Do List */;
			targetProxy = 53E0A99B252149FF00518F33 /* PBXContainerItemProxy */;
		};
		53E0A9A7252149FF00518F33 /* PBXTargetDependency */ = {
			isa = PBXTargetDependency;
			target = 53E0A983252149F700518F33 /* To Do List */;
			targetProxy = 53E0A9A6252149FF00518F33 /* PBXContainerItemProxy */;
		};
/* End PBXTargetDependency section */

/* Begin PBXVariantGroup section */
		53E0A98D252149F700518F33 /* Main.storyboard */ = {
			isa = PBXVariantGroup;
			children = (
				53E0A98E252149F700518F33 /* Base */,
			);
			name = Main.storyboard;
			sourceTree = "<group>";
		};
		53E0A992252149FF00518F33 /* LaunchScreen.storyboard */ = {
			isa = PBXVariantGroup;
			children = (
				53E0A993252149FF00518F33 /* Base */,
			);
			name = LaunchScreen.storyboard;
			sourceTree = "<group>";
		};
/* End PBXVariantGroup section */

/* Begin XCBuildConfiguration section */
		53E0A9AC25214A0000518F33 /* Debug */ = {
			isa = XCBuildConfiguration;
			buildSettings = {
				ALWAYS_SEARCH_USER_PATHS = NO;
				CLANG_ANALYZER_NONNULL = YES;
				CLANG_ANALYZER_NUMBER_OBJECT_CONVERSION = YES_AGGRESSIVE;
				CLANG_CXX_LANGUAGE_STANDARD = "gnu++14";
				CLANG_CXX_LIBRARY = "libc++";
				CLANG_ENABLE_MODULES = YES;
				CLANG_ENABLE_OBJC_ARC = YES;
				CLANG_ENABLE_OBJC_WEAK = YES;
				CLANG_WARN_BLOCK_CAPTURE_AUTORELEASING = YES;
				CLANG_WARN_BOOL_CONVERSION = YES;
				CLANG_WARN_COMMA = YES;
				CLANG_WARN_CONSTANT_CONVERSION = YES;
				CLANG_WARN_DEPRECATED_OBJC_IMPLEMENTATIONS = YES;
				CLANG_WARN_DIRECT_OBJC_ISA_USAGE = YES_ERROR;
				CLANG_WARN_DOCUMENTATION_COMMENTS = YES;
				CLANG_WARN_EMPTY_BODY = YES;
				CLANG_WARN_ENUM_CONVERSION = YES;
				CLANG_WARN_INFINITE_RECURSION = YES;
				CLANG_WARN_INT_CONVERSION = YES;
				CLANG_WARN_NON_LITERAL_NULL_CONVERSION = YES;
				CLANG_WARN_OBJC_IMPLICIT_RETAIN_SELF = YES;
				CLANG_WARN_OBJC_LITERAL_CONVERSION = YES;
				CLANG_WARN_OBJC_ROOT_CLASS = YES_ERROR;
				CLANG_WARN_RANGE_LOOP_ANALYSIS = YES;
				CLANG_WARN_STRICT_PROTOTYPES = YES;
				CLANG_WARN_SUSPICIOUS_MOVE = YES;
				CLANG_WARN_UNGUARDED_AVAILABILITY = YES_AGGRESSIVE;
				CLANG_WARN_UNREACHABLE_CODE = YES;
				CLANG_WARN__DUPLICATE_METHOD_MATCH = YES;
				COPY_PHASE_STRIP = NO;
				DEBUG_INFORMATION_FORMAT = dwarf;
				ENABLE_STRICT_OBJC_MSGSEND = YES;
				ENABLE_TESTABILITY = YES;
				GCC_C_LANGUAGE_STANDARD = gnu11;
				GCC_DYNAMIC_NO_PIC = NO;
				GCC_NO_COMMON_BLOCKS = YES;
				GCC_OPTIMIZATION_LEVEL = 0;
				GCC_PREPROCESSOR_DEFINITIONS = (
					"DEBUG=1",
					"$(inherited)",
				);
				GCC_WARN_64_TO_32_BIT_CONVERSION = YES;
				GCC_WARN_ABOUT_RETURN_TYPE = YES_ERROR;
				GCC_WARN_UNDECLARED_SELECTOR = YES;
				GCC_WARN_UNINITIALIZED_AUTOS = YES_AGGRESSIVE;
				GCC_WARN_UNUSED_FUNCTION = YES;
				GCC_WARN_UNUSED_VARIABLE = YES;
				IPHONEOS_DEPLOYMENT_TARGET = 13.7;
				MTL_ENABLE_DEBUG_INFO = INCLUDE_SOURCE;
				MTL_FAST_MATH = YES;
				ONLY_ACTIVE_ARCH = YES;
				SDKROOT = iphoneos;
				SWIFT_ACTIVE_COMPILATION_CONDITIONS = DEBUG;
				SWIFT_OPTIMIZATION_LEVEL = "-Onone";
			};
			name = Debug;
		};
		53E0A9AD25214A0000518F33 /* Release */ = {
			isa = XCBuildConfiguration;
			buildSettings = {
				ALWAYS_SEARCH_USER_PATHS = NO;
				CLANG_ANALYZER_NONNULL = YES;
				CLANG_ANALYZER_NUMBER_OBJECT_CONVERSION = YES_AGGRESSIVE;
				CLANG_CXX_LANGUAGE_STANDARD = "gnu++14";
				CLANG_CXX_LIBRARY = "libc++";
				CLANG_ENABLE_MODULES = YES;
				CLANG_ENABLE_OBJC_ARC = YES;
				CLANG_ENABLE_OBJC_WEAK = YES;
				CLANG_WARN_BLOCK_CAPTURE_AUTORELEASING = YES;
				CLANG_WARN_BOOL_CONVERSION = YES;
				CLANG_WARN_COMMA = YES;
				CLANG_WARN_CONSTANT_CONVERSION = YES;
				CLANG_WARN_DEPRECATED_OBJC_IMPLEMENTATIONS = YES;
				CLANG_WARN_DIRECT_OBJC_ISA_USAGE = YES_ERROR;
				CLANG_WARN_DOCUMENTATION_COMMENTS = YES;
				CLANG_WARN_EMPTY_BODY = YES;
				CLANG_WARN_ENUM_CONVERSION = YES;
				CLANG_WARN_INFINITE_RECURSION = YES;
				CLANG_WARN_INT_CONVERSION = YES;
				CLANG_WARN_NON_LITERAL_NULL_CONVERSION = YES;
				CLANG_WARN_OBJC_IMPLICIT_RETAIN_SELF = YES;
				CLANG_WARN_OBJC_LITERAL_CONVERSION = YES;
				CLANG_WARN_OBJC_ROOT_CLASS = YES_ERROR;
				CLANG_WARN_RANGE_LOOP_ANALYSIS = YES;
				CLANG_WARN_STRICT_PROTOTYPES = YES;
				CLANG_WARN_SUSPICIOUS_MOVE = YES;
				CLANG_WARN_UNGUARDED_AVAILABILITY = YES_AGGRESSIVE;
				CLANG_WARN_UNREACHABLE_CODE = YES;
				CLANG_WARN__DUPLICATE_METHOD_MATCH = YES;
				COPY_PHASE_STRIP = NO;
				DEBUG_INFORMATION_FORMAT = "dwarf-with-dsym";
				ENABLE_NS_ASSERTIONS = NO;
				ENABLE_STRICT_OBJC_MSGSEND = YES;
				GCC_C_LANGUAGE_STANDARD = gnu11;
				GCC_NO_COMMON_BLOCKS = YES;
				GCC_WARN_64_TO_32_BIT_CONVERSION = YES;
				GCC_WARN_ABOUT_RETURN_TYPE = YES_ERROR;
				GCC_WARN_UNDECLARED_SELECTOR = YES;
				GCC_WARN_UNINITIALIZED_AUTOS = YES_AGGRESSIVE;
				GCC_WARN_UNUSED_FUNCTION = YES;
				GCC_WARN_UNUSED_VARIABLE = YES;
				IPHONEOS_DEPLOYMENT_TARGET = 13.7;
				MTL_ENABLE_DEBUG_INFO = NO;
				MTL_FAST_MATH = YES;
				SDKROOT = iphoneos;
				SWIFT_COMPILATION_MODE = wholemodule;
				SWIFT_OPTIMIZATION_LEVEL = "-O";
				VALIDATE_PRODUCT = YES;
			};
			name = Release;
		};
		53E0A9AF25214A0000518F33 /* Debug */ = {
			isa = XCBuildConfiguration;
			buildSettings = {
				ASSETCATALOG_COMPILER_APPICON_NAME = AppIcon;
				CODE_SIGN_STYLE = Automatic;
				DEVELOPMENT_TEAM = 6JVA532KWR;
				INFOPLIST_FILE = "To Do List/Info.plist";
				LD_RUNPATH_SEARCH_PATHS = (
					"$(inherited)",
					"@executable_path/Frameworks",
				);
				PRODUCT_BUNDLE_IDENTIFIER = "primem.To-Do-List";
				PRODUCT_NAME = "$(TARGET_NAME)";
				SWIFT_VERSION = 5.0;
				TARGETED_DEVICE_FAMILY = "1,2";
			};
			name = Debug;
		};
		53E0A9B025214A0000518F33 /* Release */ = {
			isa = XCBuildConfiguration;
			buildSettings = {
				ASSETCATALOG_COMPILER_APPICON_NAME = AppIcon;
				CODE_SIGN_STYLE = Automatic;
				DEVELOPMENT_TEAM = 6JVA532KWR;
				INFOPLIST_FILE = "To Do List/Info.plist";
				LD_RUNPATH_SEARCH_PATHS = (
					"$(inherited)",
					"@executable_path/Frameworks",
				);
				PRODUCT_BUNDLE_IDENTIFIER = "primem.To-Do-List";
				PRODUCT_NAME = "$(TARGET_NAME)";
				SWIFT_VERSION = 5.0;
				TARGETED_DEVICE_FAMILY = "1,2";
			};
			name = Release;
		};
		53E0A9B225214A0000518F33 /* Debug */ = {
			isa = XCBuildConfiguration;
			buildSettings = {
				ALWAYS_EMBED_SWIFT_STANDARD_LIBRARIES = YES;
				BUNDLE_LOADER = "$(TEST_HOST)";
				CODE_SIGN_STYLE = Automatic;
				DEVELOPMENT_TEAM = 6JVA532KWR;
				INFOPLIST_FILE = "To Do ListTests/Info.plist";
				IPHONEOS_DEPLOYMENT_TARGET = 13.7;
				LD_RUNPATH_SEARCH_PATHS = (
					"$(inherited)",
					"@executable_path/Frameworks",
					"@loader_path/Frameworks",
				);
				PRODUCT_BUNDLE_IDENTIFIER = "primem.To-Do-ListTests";
				PRODUCT_NAME = "$(TARGET_NAME)";
				SWIFT_VERSION = 5.0;
				TARGETED_DEVICE_FAMILY = "1,2";
				TEST_HOST = "$(BUILT_PRODUCTS_DIR)/To Do List.app/To Do List";
			};
			name = Debug;
		};
		53E0A9B325214A0000518F33 /* Release */ = {
			isa = XCBuildConfiguration;
			buildSettings = {
				ALWAYS_EMBED_SWIFT_STANDARD_LIBRARIES = YES;
				BUNDLE_LOADER = "$(TEST_HOST)";
				CODE_SIGN_STYLE = Automatic;
				DEVELOPMENT_TEAM = 6JVA532KWR;
				INFOPLIST_FILE = "To Do ListTests/Info.plist";
				IPHONEOS_DEPLOYMENT_TARGET = 13.7;
				LD_RUNPATH_SEARCH_PATHS = (
					"$(inherited)",
					"@executable_path/Frameworks",
					"@loader_path/Frameworks",
				);
				PRODUCT_BUNDLE_IDENTIFIER = "primem.To-Do-ListTests";
				PRODUCT_NAME = "$(TARGET_NAME)";
				SWIFT_VERSION = 5.0;
				TARGETED_DEVICE_FAMILY = "1,2";
				TEST_HOST = "$(BUILT_PRODUCTS_DIR)/To Do List.app/To Do List";
			};
			name = Release;
		};
		53E0A9B525214A0000518F33 /* Debug */ = {
			isa = XCBuildConfiguration;
			buildSettings = {
				ALWAYS_EMBED_SWIFT_STANDARD_LIBRARIES = YES;
				CODE_SIGN_STYLE = Automatic;
				DEVELOPMENT_TEAM = 6JVA532KWR;
				INFOPLIST_FILE = "To Do ListUITests/Info.plist";
				LD_RUNPATH_SEARCH_PATHS = (
					"$(inherited)",
					"@executable_path/Frameworks",
					"@loader_path/Frameworks",
				);
				PRODUCT_BUNDLE_IDENTIFIER = "primem.To-Do-ListUITests";
				PRODUCT_NAME = "$(TARGET_NAME)";
				SWIFT_VERSION = 5.0;
				TARGETED_DEVICE_FAMILY = "1,2";
				TEST_TARGET_NAME = "To Do List";
			};
			name = Debug;
		};
		53E0A9B625214A0000518F33 /* Release */ = {
			isa = XCBuildConfiguration;
			buildSettings = {
				ALWAYS_EMBED_SWIFT_STANDARD_LIBRARIES = YES;
				CODE_SIGN_STYLE = Automatic;
				DEVELOPMENT_TEAM = 6JVA532KWR;
				INFOPLIST_FILE = "To Do ListUITests/Info.plist";
				LD_RUNPATH_SEARCH_PATHS = (
					"$(inherited)",
					"@executable_path/Frameworks",
					"@loader_path/Frameworks",
				);
				PRODUCT_BUNDLE_IDENTIFIER = "primem.To-Do-ListUITests";
				PRODUCT_NAME = "$(TARGET_NAME)";
				SWIFT_VERSION = 5.0;
				TARGETED_DEVICE_FAMILY = "1,2";
				TEST_TARGET_NAME = "To Do List";
			};
			name = Release;
		};
/* End XCBuildConfiguration section */

/* Begin XCConfigurationList section */
		53E0A97F252149F700518F33 /* Build configuration list for PBXProject "To Do List" */ = {
			isa = XCConfigurationList;
			buildConfigurations = (
				53E0A9AC25214A0000518F33 /* Debug */,
				53E0A9AD25214A0000518F33 /* Release */,
			);
			defaultConfigurationIsVisible = 0;
			defaultConfigurationName = Release;
		};
		53E0A9AE25214A0000518F33 /* Build configuration list for PBXNativeTarget "To Do List" */ = {
			isa = XCConfigurationList;
			buildConfigurations = (
				53E0A9AF25214A0000518F33 /* Debug */,
				53E0A9B025214A0000518F33 /* Release */,
			);
			defaultConfigurationIsVisible = 0;
			defaultConfigurationName = Release;
		};
		53E0A9B125214A0000518F33 /* Build configuration list for PBXNativeTarget "To Do ListTests" */ = {
			isa = XCConfigurationList;
			buildConfigurations = (
				53E0A9B225214A0000518F33 /* Debug */,
				53E0A9B325214A0000518F33 /* Release */,
			);
			defaultConfigurationIsVisible = 0;
			defaultConfigurationName = Release;
		};
		53E0A9B425214A0000518F33 /* Build configuration list for PBXNativeTarget "To Do ListUITests" */ = {
			isa = XCConfigurationList;
			buildConfigurations = (
				53E0A9B525214A0000518F33 /* Debug */,
				53E0A9B625214A0000518F33 /* Release */,
			);
			defaultConfigurationIsVisible = 0;
			defaultConfigurationName = Release;
		};
/* End XCConfigurationList section */
	};
	rootObject = 53E0A97C252149F700518F33 /* Project object */;
}
